// !$*UTF8*$!
{
	archiveVersion = 1;
	classes = {
	};
	objectVersion = 48;
	objects = {

/* Begin PBXBuildFile section */
		052AEE261FB4188500F799D0 /* AppDelegate.swift in Sources */ = {isa = PBXBuildFile; fileRef = 052AEE251FB4188500F799D0 /* AppDelegate.swift */; };
		052AEE281FB4188500F799D0 /* GiftTableViewController.swift in Sources */ = {isa = PBXBuildFile; fileRef = 052AEE271FB4188500F799D0 /* GiftTableViewController.swift */; };
		052AEE2B1FB4188500F799D0 /* Main.storyboard in Resources */ = {isa = PBXBuildFile; fileRef = 052AEE291FB4188500F799D0 /* Main.storyboard */; };
		052AEE2E1FB4188500F799D0 /* Hackathon.xcdatamodeld in Sources */ = {isa = PBXBuildFile; fileRef = 052AEE2C1FB4188500F799D0 /* Hackathon.xcdatamodeld */; };
		052AEE301FB4188500F799D0 /* Assets.xcassets in Resources */ = {isa = PBXBuildFile; fileRef = 052AEE2F1FB4188500F799D0 /* Assets.xcassets */; };
		052AEE331FB4188500F799D0 /* LaunchScreen.storyboard in Resources */ = {isa = PBXBuildFile; fileRef = 052AEE311FB4188500F799D0 /* LaunchScreen.storyboard */; };
		052AEE3E1FB4188600F799D0 /* HackathonTests.swift in Sources */ = {isa = PBXBuildFile; fileRef = 052AEE3D1FB4188600F799D0 /* HackathonTests.swift */; };
		052AEE491FB4188700F799D0 /* HackathonUITests.swift in Sources */ = {isa = PBXBuildFile; fileRef = 052AEE481FB4188700F799D0 /* HackathonUITests.swift */; };
		052AEE5D1FB418D400F799D0 /* Messages.framework in Frameworks */ = {isa = PBXBuildFile; fileRef = 052AEE5C1FB418D400F799D0 /* Messages.framework */; };
		052AEE601FB418D800F799D0 /* MessagesViewController.swift in Sources */ = {isa = PBXBuildFile; fileRef = 052AEE5F1FB418D800F799D0 /* MessagesViewController.swift */; };
		052AEE631FB418D800F799D0 /* MainInterface.storyboard in Resources */ = {isa = PBXBuildFile; fileRef = 052AEE611FB418D800F799D0 /* MainInterface.storyboard */; };
		052AEE651FB418D800F799D0 /* Assets.xcassets in Resources */ = {isa = PBXBuildFile; fileRef = 052AEE641FB418D800F799D0 /* Assets.xcassets */; };
		052AEE691FB418D800F799D0 /* HackathonMessage.appex in Embed App Extensions */ = {isa = PBXBuildFile; fileRef = 052AEE5A1FB418D300F799D0 /* HackathonMessage.appex */; settings = {ATTRIBUTES = (RemoveHeadersOnCopy, ); }; };
		056424E21FB6D117008028A6 /* DataKit.framework in Frameworks */ = {isa = PBXBuildFile; fileRef = 056424D91FB6D117008028A6 /* DataKit.framework */; };
		056424E91FB6D117008028A6 /* DataKitTests.swift in Sources */ = {isa = PBXBuildFile; fileRef = 056424E81FB6D117008028A6 /* DataKitTests.swift */; };
		056424EB1FB6D117008028A6 /* DataKit.h in Headers */ = {isa = PBXBuildFile; fileRef = 056424DB1FB6D117008028A6 /* DataKit.h */; settings = {ATTRIBUTES = (Public, ); }; };
		056424EE1FB6D117008028A6 /* DataKit.framework in Frameworks */ = {isa = PBXBuildFile; fileRef = 056424D91FB6D117008028A6 /* DataKit.framework */; };
		056424EF1FB6D117008028A6 /* DataKit.framework in Embed Frameworks */ = {isa = PBXBuildFile; fileRef = 056424D91FB6D117008028A6 /* DataKit.framework */; settings = {ATTRIBUTES = (CodeSignOnCopy, RemoveHeadersOnCopy, ); }; };
		056424F81FB6D4A5008028A6 /* ServiceData.swift in Sources */ = {isa = PBXBuildFile; fileRef = 056424F71FB6D4A5008028A6 /* ServiceData.swift */; };
		05BE888E1FB791B500C3AF5D /* BagTableViewCell.swift in Sources */ = {isa = PBXBuildFile; fileRef = 05BE888D1FB791B500C3AF5D /* BagTableViewCell.swift */; };
		05BE88911FB7B3E900C3AF5D /* NetworkService.swift in Sources */ = {isa = PBXBuildFile; fileRef = 05BE88901FB7B3E900C3AF5D /* NetworkService.swift */; };
		05BE88941FB7B6C000C3AF5D /* Product.swift in Sources */ = {isa = PBXBuildFile; fileRef = 05BE88931FB7B6C000C3AF5D /* Product.swift */; };
		05BE889A1FB7BE2400C3AF5D /* MessageHomeViewController.swift in Sources */ = {isa = PBXBuildFile; fileRef = 05BE88991FB7BE2400C3AF5D /* MessageHomeViewController.swift */; };
		05FFFC341FB6D922006AA8A7 /* HMSegmentedControl.swift in Sources */ = {isa = PBXBuildFile; fileRef = 05FFFC331FB6D893006AA8A7 /* HMSegmentedControl.swift */; };
		05FFFC351FB6D924006AA8A7 /* Enums.swift in Sources */ = {isa = PBXBuildFile; fileRef = 05FFFC311FB6D893006AA8A7 /* Enums.swift */; };
		05FFFC361FB6D927006AA8A7 /* HMScrollView.swift in Sources */ = {isa = PBXBuildFile; fileRef = 05FFFC321FB6D893006AA8A7 /* HMScrollView.swift */; };
		41E4838C9805E764F8A9CF7B /* Pods_Hackathon.framework in Frameworks */ = {isa = PBXBuildFile; fileRef = F6D9A457637352A396E62D99 /* Pods_Hackathon.framework */; };
		6B33AB8540ED4588BF13AD17 /* Pods_HackathonTests.framework in Frameworks */ = {isa = PBXBuildFile; fileRef = 1E9B8954B6066918E99D36A2 /* Pods_HackathonTests.framework */; };
		7D9B275C087F5F5B9DA18F4E /* Pods_HackathonUITests.framework in Frameworks */ = {isa = PBXBuildFile; fileRef = 49CC02D6529591E4E93F1B4F /* Pods_HackathonUITests.framework */; };
		9CD2151B3761EFD85FB48166 /* Pods_HackathonMessage.framework in Frameworks */ = {isa = PBXBuildFile; fileRef = 571C005EAF796F92FC84F763 /* Pods_HackathonMessage.framework */; };
/* End PBXBuildFile section */

/* Begin PBXContainerItemProxy section */
		052AEE3A1FB4188600F799D0 /* PBXContainerItemProxy */ = {
			isa = PBXContainerItemProxy;
			containerPortal = 052AEE1A1FB4188500F799D0 /* Project object */;
			proxyType = 1;
			remoteGlobalIDString = 052AEE211FB4188500F799D0;
			remoteInfo = Hackathon;
		};
		052AEE451FB4188600F799D0 /* PBXContainerItemProxy */ = {
			isa = PBXContainerItemProxy;
			containerPortal = 052AEE1A1FB4188500F799D0 /* Project object */;
			proxyType = 1;
			remoteGlobalIDString = 052AEE211FB4188500F799D0;
			remoteInfo = Hackathon;
		};
		052AEE671FB418D800F799D0 /* PBXContainerItemProxy */ = {
			isa = PBXContainerItemProxy;
			containerPortal = 052AEE1A1FB4188500F799D0 /* Project object */;
			proxyType = 1;
			remoteGlobalIDString = 052AEE591FB418D300F799D0;
			remoteInfo = HackathonMessage;
		};
		056424E31FB6D117008028A6 /* PBXContainerItemProxy */ = {
			isa = PBXContainerItemProxy;
			containerPortal = 052AEE1A1FB4188500F799D0 /* Project object */;
			proxyType = 1;
			remoteGlobalIDString = 056424D81FB6D117008028A6;
			remoteInfo = DataKit;
		};
		056424E51FB6D117008028A6 /* PBXContainerItemProxy */ = {
			isa = PBXContainerItemProxy;
			containerPortal = 052AEE1A1FB4188500F799D0 /* Project object */;
			proxyType = 1;
			remoteGlobalIDString = 052AEE211FB4188500F799D0;
			remoteInfo = Hackathon;
		};
		056424EC1FB6D117008028A6 /* PBXContainerItemProxy */ = {
			isa = PBXContainerItemProxy;
			containerPortal = 052AEE1A1FB4188500F799D0 /* Project object */;
			proxyType = 1;
			remoteGlobalIDString = 056424D81FB6D117008028A6;
			remoteInfo = DataKit;
		};
/* End PBXContainerItemProxy section */

/* Begin PBXCopyFilesBuildPhase section */
		052AEE6D1FB418DC00F799D0 /* Embed App Extensions */ = {
			isa = PBXCopyFilesBuildPhase;
			buildActionMask = 2147483647;
			dstPath = "";
			dstSubfolderSpec = 13;
			files = (
				052AEE691FB418D800F799D0 /* HackathonMessage.appex in Embed App Extensions */,
			);
			name = "Embed App Extensions";
			runOnlyForDeploymentPostprocessing = 0;
		};
		056424F51FB6D118008028A6 /* Embed Frameworks */ = {
			isa = PBXCopyFilesBuildPhase;
			buildActionMask = 2147483647;
			dstPath = "";
			dstSubfolderSpec = 10;
			files = (
				056424EF1FB6D117008028A6 /* DataKit.framework in Embed Frameworks */,
			);
			name = "Embed Frameworks";
			runOnlyForDeploymentPostprocessing = 0;
		};
/* End PBXCopyFilesBuildPhase section */

/* Begin PBXFileReference section */
		052AEE221FB4188500F799D0 /* Hackathon.app */ = {isa = PBXFileReference; explicitFileType = wrapper.application; includeInIndex = 0; path = Hackathon.app; sourceTree = BUILT_PRODUCTS_DIR; };
		052AEE251FB4188500F799D0 /* AppDelegate.swift */ = {isa = PBXFileReference; lastKnownFileType = sourcecode.swift; path = AppDelegate.swift; sourceTree = "<group>"; };
		052AEE271FB4188500F799D0 /* GiftTableViewController.swift */ = {isa = PBXFileReference; lastKnownFileType = sourcecode.swift; path = GiftTableViewController.swift; sourceTree = "<group>"; };
		052AEE2A1FB4188500F799D0 /* Base */ = {isa = PBXFileReference; lastKnownFileType = file.storyboard; name = Base; path = Base.lproj/Main.storyboard; sourceTree = "<group>"; };
		052AEE2D1FB4188500F799D0 /* Hackathon.xcdatamodel */ = {isa = PBXFileReference; lastKnownFileType = wrapper.xcdatamodel; path = Hackathon.xcdatamodel; sourceTree = "<group>"; };
		052AEE2F1FB4188500F799D0 /* Assets.xcassets */ = {isa = PBXFileReference; lastKnownFileType = folder.assetcatalog; path = Assets.xcassets; sourceTree = "<group>"; };
		052AEE321FB4188500F799D0 /* Base */ = {isa = PBXFileReference; lastKnownFileType = file.storyboard; name = Base; path = Base.lproj/LaunchScreen.storyboard; sourceTree = "<group>"; };
		052AEE341FB4188500F799D0 /* Info.plist */ = {isa = PBXFileReference; lastKnownFileType = text.plist.xml; path = Info.plist; sourceTree = "<group>"; };
		052AEE391FB4188600F799D0 /* HackathonTests.xctest */ = {isa = PBXFileReference; explicitFileType = wrapper.cfbundle; includeInIndex = 0; path = HackathonTests.xctest; sourceTree = BUILT_PRODUCTS_DIR; };
		052AEE3D1FB4188600F799D0 /* HackathonTests.swift */ = {isa = PBXFileReference; lastKnownFileType = sourcecode.swift; path = HackathonTests.swift; sourceTree = "<group>"; };
		052AEE3F1FB4188600F799D0 /* Info.plist */ = {isa = PBXFileReference; lastKnownFileType = text.plist.xml; path = Info.plist; sourceTree = "<group>"; };
		052AEE441FB4188600F799D0 /* HackathonUITests.xctest */ = {isa = PBXFileReference; explicitFileType = wrapper.cfbundle; includeInIndex = 0; path = HackathonUITests.xctest; sourceTree = BUILT_PRODUCTS_DIR; };
		052AEE481FB4188700F799D0 /* HackathonUITests.swift */ = {isa = PBXFileReference; lastKnownFileType = sourcecode.swift; path = HackathonUITests.swift; sourceTree = "<group>"; };
		052AEE4A1FB4188700F799D0 /* Info.plist */ = {isa = PBXFileReference; lastKnownFileType = text.plist.xml; path = Info.plist; sourceTree = "<group>"; };
		052AEE5A1FB418D300F799D0 /* HackathonMessage.appex */ = {isa = PBXFileReference; explicitFileType = "wrapper.app-extension"; includeInIndex = 0; path = HackathonMessage.appex; sourceTree = BUILT_PRODUCTS_DIR; };
		052AEE5C1FB418D400F799D0 /* Messages.framework */ = {isa = PBXFileReference; lastKnownFileType = wrapper.framework; name = Messages.framework; path = System/Library/Frameworks/Messages.framework; sourceTree = SDKROOT; };
		052AEE5F1FB418D800F799D0 /* MessagesViewController.swift */ = {isa = PBXFileReference; lastKnownFileType = sourcecode.swift; path = MessagesViewController.swift; sourceTree = "<group>"; };
		052AEE621FB418D800F799D0 /* Base */ = {isa = PBXFileReference; lastKnownFileType = file.storyboard; name = Base; path = Base.lproj/MainInterface.storyboard; sourceTree = "<group>"; };
		052AEE641FB418D800F799D0 /* Assets.xcassets */ = {isa = PBXFileReference; lastKnownFileType = folder.assetcatalog; path = Assets.xcassets; sourceTree = "<group>"; };
		052AEE661FB418D800F799D0 /* Info.plist */ = {isa = PBXFileReference; lastKnownFileType = text.plist.xml; path = Info.plist; sourceTree = "<group>"; };
		056424D91FB6D117008028A6 /* DataKit.framework */ = {isa = PBXFileReference; explicitFileType = wrapper.framework; includeInIndex = 0; path = DataKit.framework; sourceTree = BUILT_PRODUCTS_DIR; };
		056424DB1FB6D117008028A6 /* DataKit.h */ = {isa = PBXFileReference; lastKnownFileType = sourcecode.c.h; path = DataKit.h; sourceTree = "<group>"; };
		056424DC1FB6D117008028A6 /* Info.plist */ = {isa = PBXFileReference; lastKnownFileType = text.plist.xml; path = Info.plist; sourceTree = "<group>"; };
		056424E11FB6D117008028A6 /* DataKitTests.xctest */ = {isa = PBXFileReference; explicitFileType = wrapper.cfbundle; includeInIndex = 0; path = DataKitTests.xctest; sourceTree = BUILT_PRODUCTS_DIR; };
		056424E81FB6D117008028A6 /* DataKitTests.swift */ = {isa = PBXFileReference; lastKnownFileType = sourcecode.swift; path = DataKitTests.swift; sourceTree = "<group>"; };
		056424EA1FB6D117008028A6 /* Info.plist */ = {isa = PBXFileReference; lastKnownFileType = text.plist.xml; path = Info.plist; sourceTree = "<group>"; };
		056424F71FB6D4A5008028A6 /* ServiceData.swift */ = {isa = PBXFileReference; lastKnownFileType = sourcecode.swift; path = ServiceData.swift; sourceTree = "<group>"; };
		05BE888D1FB791B500C3AF5D /* BagTableViewCell.swift */ = {isa = PBXFileReference; lastKnownFileType = sourcecode.swift; path = BagTableViewCell.swift; sourceTree = "<group>"; };
		05BE88901FB7B3E900C3AF5D /* NetworkService.swift */ = {isa = PBXFileReference; lastKnownFileType = sourcecode.swift; path = NetworkService.swift; sourceTree = "<group>"; };
		05BE88931FB7B6C000C3AF5D /* Product.swift */ = {isa = PBXFileReference; lastKnownFileType = sourcecode.swift; path = Product.swift; sourceTree = "<group>"; };
		05BE88951FB7B7C500C3AF5D /* no_image.jpg */ = {isa = PBXFileReference; lastKnownFileType = image.jpeg; path = no_image.jpg; sourceTree = "<group>"; };
		05BE88991FB7BE2400C3AF5D /* MessageHomeViewController.swift */ = {isa = PBXFileReference; lastKnownFileType = sourcecode.swift; path = MessageHomeViewController.swift; sourceTree = "<group>"; };
		05FFFC311FB6D893006AA8A7 /* Enums.swift */ = {isa = PBXFileReference; lastKnownFileType = sourcecode.swift; path = Enums.swift; sourceTree = "<group>"; };
		05FFFC321FB6D893006AA8A7 /* HMScrollView.swift */ = {isa = PBXFileReference; lastKnownFileType = sourcecode.swift; path = HMScrollView.swift; sourceTree = "<group>"; };
		05FFFC331FB6D893006AA8A7 /* HMSegmentedControl.swift */ = {isa = PBXFileReference; lastKnownFileType = sourcecode.swift; path = HMSegmentedControl.swift; sourceTree = "<group>"; };
		05FFFC371FB6DA08006AA8A7 /* Hackathon.entitlements */ = {isa = PBXFileReference; lastKnownFileType = text.plist.entitlements; path = Hackathon.entitlements; sourceTree = "<group>"; };
		05FFFC381FB6DA28006AA8A7 /* HackathonMessage.entitlements */ = {isa = PBXFileReference; lastKnownFileType = text.plist.entitlements; path = HackathonMessage.entitlements; sourceTree = "<group>"; };
		16D3A14572F2778B9DAB4BA5 /* Pods-Hackathon.release.xcconfig */ = {isa = PBXFileReference; includeInIndex = 1; lastKnownFileType = text.xcconfig; name = "Pods-Hackathon.release.xcconfig"; path = "Pods/Target Support Files/Pods-Hackathon/Pods-Hackathon.release.xcconfig"; sourceTree = "<group>"; };
		1C5C2D2B7A51F9F2EF67490E /* Pods-Hackathon.debug.xcconfig */ = {isa = PBXFileReference; includeInIndex = 1; lastKnownFileType = text.xcconfig; name = "Pods-Hackathon.debug.xcconfig"; path = "Pods/Target Support Files/Pods-Hackathon/Pods-Hackathon.debug.xcconfig"; sourceTree = "<group>"; };
		1E9B8954B6066918E99D36A2 /* Pods_HackathonTests.framework */ = {isa = PBXFileReference; explicitFileType = wrapper.framework; includeInIndex = 0; path = Pods_HackathonTests.framework; sourceTree = BUILT_PRODUCTS_DIR; };
		2FD21AE1490A569CF17E2CC2 /* Pods-HackathonMessage.debug.xcconfig */ = {isa = PBXFileReference; includeInIndex = 1; lastKnownFileType = text.xcconfig; name = "Pods-HackathonMessage.debug.xcconfig"; path = "Pods/Target Support Files/Pods-HackathonMessage/Pods-HackathonMessage.debug.xcconfig"; sourceTree = "<group>"; };
		49CC02D6529591E4E93F1B4F /* Pods_HackathonUITests.framework */ = {isa = PBXFileReference; explicitFileType = wrapper.framework; includeInIndex = 0; path = Pods_HackathonUITests.framework; sourceTree = BUILT_PRODUCTS_DIR; };
		571C005EAF796F92FC84F763 /* Pods_HackathonMessage.framework */ = {isa = PBXFileReference; explicitFileType = wrapper.framework; includeInIndex = 0; path = Pods_HackathonMessage.framework; sourceTree = BUILT_PRODUCTS_DIR; };
		6D1C5A07EC3E1E867C1F9E1B /* Pods-HackathonMessage.release.xcconfig */ = {isa = PBXFileReference; includeInIndex = 1; lastKnownFileType = text.xcconfig; name = "Pods-HackathonMessage.release.xcconfig"; path = "Pods/Target Support Files/Pods-HackathonMessage/Pods-HackathonMessage.release.xcconfig"; sourceTree = "<group>"; };
		8C223B74C7EFF766F7208964 /* Pods-HackathonTests.debug.xcconfig */ = {isa = PBXFileReference; includeInIndex = 1; lastKnownFileType = text.xcconfig; name = "Pods-HackathonTests.debug.xcconfig"; path = "Pods/Target Support Files/Pods-HackathonTests/Pods-HackathonTests.debug.xcconfig"; sourceTree = "<group>"; };
		A603B2556C74E5BF5DEEE9FB /* Pods-HackathonUITests.debug.xcconfig */ = {isa = PBXFileReference; includeInIndex = 1; lastKnownFileType = text.xcconfig; name = "Pods-HackathonUITests.debug.xcconfig"; path = "Pods/Target Support Files/Pods-HackathonUITests/Pods-HackathonUITests.debug.xcconfig"; sourceTree = "<group>"; };
		C5BDB06F8CD7ED6BD4C2DBF6 /* Pods-HackathonUITests.release.xcconfig */ = {isa = PBXFileReference; includeInIndex = 1; lastKnownFileType = text.xcconfig; name = "Pods-HackathonUITests.release.xcconfig"; path = "Pods/Target Support Files/Pods-HackathonUITests/Pods-HackathonUITests.release.xcconfig"; sourceTree = "<group>"; };
		E5BEF93D04888F77137AA540 /* Pods-HackathonTests.release.xcconfig */ = {isa = PBXFileReference; includeInIndex = 1; lastKnownFileType = text.xcconfig; name = "Pods-HackathonTests.release.xcconfig"; path = "Pods/Target Support Files/Pods-HackathonTests/Pods-HackathonTests.release.xcconfig"; sourceTree = "<group>"; };
		F6D9A457637352A396E62D99 /* Pods_Hackathon.framework */ = {isa = PBXFileReference; explicitFileType = wrapper.framework; includeInIndex = 0; path = Pods_Hackathon.framework; sourceTree = BUILT_PRODUCTS_DIR; };
/* End PBXFileReference section */

/* Begin PBXFrameworksBuildPhase section */
		052AEE1F1FB4188500F799D0 /* Frameworks */ = {
			isa = PBXFrameworksBuildPhase;
			buildActionMask = 2147483647;
			files = (
				41E4838C9805E764F8A9CF7B /* Pods_Hackathon.framework in Frameworks */,
				056424EE1FB6D117008028A6 /* DataKit.framework in Frameworks */,
			);
			runOnlyForDeploymentPostprocessing = 0;
		};
		052AEE361FB4188600F799D0 /* Frameworks */ = {
			isa = PBXFrameworksBuildPhase;
			buildActionMask = 2147483647;
			files = (
				6B33AB8540ED4588BF13AD17 /* Pods_HackathonTests.framework in Frameworks */,
			);
			runOnlyForDeploymentPostprocessing = 0;
		};
		052AEE411FB4188600F799D0 /* Frameworks */ = {
			isa = PBXFrameworksBuildPhase;
			buildActionMask = 2147483647;
			files = (
				7D9B275C087F5F5B9DA18F4E /* Pods_HackathonUITests.framework in Frameworks */,
			);
			runOnlyForDeploymentPostprocessing = 0;
		};
		052AEE571FB418D300F799D0 /* Frameworks */ = {
			isa = PBXFrameworksBuildPhase;
			buildActionMask = 2147483647;
			files = (
				052AEE5D1FB418D400F799D0 /* Messages.framework in Frameworks */,
				9CD2151B3761EFD85FB48166 /* Pods_HackathonMessage.framework in Frameworks */,
			);
			runOnlyForDeploymentPostprocessing = 0;
		};
		056424D51FB6D117008028A6 /* Frameworks */ = {
			isa = PBXFrameworksBuildPhase;
			buildActionMask = 2147483647;
			files = (
			);
			runOnlyForDeploymentPostprocessing = 0;
		};
		056424DE1FB6D117008028A6 /* Frameworks */ = {
			isa = PBXFrameworksBuildPhase;
			buildActionMask = 2147483647;
			files = (
				056424E21FB6D117008028A6 /* DataKit.framework in Frameworks */,
			);
			runOnlyForDeploymentPostprocessing = 0;
		};
/* End PBXFrameworksBuildPhase section */

/* Begin PBXGroup section */
		052AEE191FB4188500F799D0 = {
			isa = PBXGroup;
			children = (
				052AEE241FB4188500F799D0 /* Hackathon */,
				052AEE3C1FB4188600F799D0 /* HackathonTests */,
				052AEE471FB4188600F799D0 /* HackathonUITests */,
				052AEE5E1FB418D800F799D0 /* HackathonMessage */,
				056424DA1FB6D117008028A6 /* DataKit */,
				056424E71FB6D117008028A6 /* DataKitTests */,
				052AEE5B1FB418D400F799D0 /* Frameworks */,
				052AEE231FB4188500F799D0 /* Products */,
				0563F8F348AA7658532A857E /* Pods */,
			);
			sourceTree = "<group>";
		};
		052AEE231FB4188500F799D0 /* Products */ = {
			isa = PBXGroup;
			children = (
				052AEE221FB4188500F799D0 /* Hackathon.app */,
				052AEE391FB4188600F799D0 /* HackathonTests.xctest */,
				052AEE441FB4188600F799D0 /* HackathonUITests.xctest */,
				052AEE5A1FB418D300F799D0 /* HackathonMessage.appex */,
				056424D91FB6D117008028A6 /* DataKit.framework */,
				056424E11FB6D117008028A6 /* DataKitTests.xctest */,
			);
			name = Products;
			sourceTree = "<group>";
		};
		052AEE241FB4188500F799D0 /* Hackathon */ = {
			isa = PBXGroup;
			children = (
				05FFFC371FB6DA08006AA8A7 /* Hackathon.entitlements */,
				052AEE251FB4188500F799D0 /* AppDelegate.swift */,
				056424D11FB51AD1008028A6 /* Controllers */,
				052AEE291FB4188500F799D0 /* Main.storyboard */,
				052AEE2F1FB4188500F799D0 /* Assets.xcassets */,
				052AEE311FB4188500F799D0 /* LaunchScreen.storyboard */,
				052AEE341FB4188500F799D0 /* Info.plist */,
				052AEE2C1FB4188500F799D0 /* Hackathon.xcdatamodeld */,
			);
			path = Hackathon;
			sourceTree = "<group>";
		};
		052AEE3C1FB4188600F799D0 /* HackathonTests */ = {
			isa = PBXGroup;
			children = (
				052AEE3D1FB4188600F799D0 /* HackathonTests.swift */,
				052AEE3F1FB4188600F799D0 /* Info.plist */,
			);
			path = HackathonTests;
			sourceTree = "<group>";
		};
		052AEE471FB4188600F799D0 /* HackathonUITests */ = {
			isa = PBXGroup;
			children = (
				052AEE481FB4188700F799D0 /* HackathonUITests.swift */,
				052AEE4A1FB4188700F799D0 /* Info.plist */,
			);
			path = HackathonUITests;
			sourceTree = "<group>";
		};
		052AEE5B1FB418D400F799D0 /* Frameworks */ = {
			isa = PBXGroup;
			children = (
				052AEE5C1FB418D400F799D0 /* Messages.framework */,
				F6D9A457637352A396E62D99 /* Pods_Hackathon.framework */,
				571C005EAF796F92FC84F763 /* Pods_HackathonMessage.framework */,
				1E9B8954B6066918E99D36A2 /* Pods_HackathonTests.framework */,
				49CC02D6529591E4E93F1B4F /* Pods_HackathonUITests.framework */,
			);
			name = Frameworks;
			sourceTree = "<group>";
		};
		052AEE5E1FB418D800F799D0 /* HackathonMessage */ = {
			isa = PBXGroup;
			children = (
				05BE889B1FB7CC5400C3AF5D /* customTabs */,
				05BE88981FB7BE0C00C3AF5D /* controller */,
				05BE88921FB7B6A100C3AF5D /* Model */,
				05BE888F1FB7B3CF00C3AF5D /* Network */,
				05BE888A1FB7916D00C3AF5D /* View */,
				05FFFC381FB6DA28006AA8A7 /* HackathonMessage.entitlements */,
				052AEE611FB418D800F799D0 /* MainInterface.storyboard */,
				052AEE641FB418D800F799D0 /* Assets.xcassets */,
				05BE88951FB7B7C500C3AF5D /* no_image.jpg */,
				052AEE661FB418D800F799D0 /* Info.plist */,
			);
			path = HackathonMessage;
			sourceTree = "<group>";
		};
		0563F8F348AA7658532A857E /* Pods */ = {
			isa = PBXGroup;
			children = (
				1C5C2D2B7A51F9F2EF67490E /* Pods-Hackathon.debug.xcconfig */,
				16D3A14572F2778B9DAB4BA5 /* Pods-Hackathon.release.xcconfig */,
				2FD21AE1490A569CF17E2CC2 /* Pods-HackathonMessage.debug.xcconfig */,
				6D1C5A07EC3E1E867C1F9E1B /* Pods-HackathonMessage.release.xcconfig */,
				8C223B74C7EFF766F7208964 /* Pods-HackathonTests.debug.xcconfig */,
				E5BEF93D04888F77137AA540 /* Pods-HackathonTests.release.xcconfig */,
				A603B2556C74E5BF5DEEE9FB /* Pods-HackathonUITests.debug.xcconfig */,
				C5BDB06F8CD7ED6BD4C2DBF6 /* Pods-HackathonUITests.release.xcconfig */,
			);
			name = Pods;
			sourceTree = "<group>";
		};
		056424D11FB51AD1008028A6 /* Controllers */ = {
			isa = PBXGroup;
			children = (
				052AEE271FB4188500F799D0 /* GiftTableViewController.swift */,
			);
			path = Controllers;
			sourceTree = "<group>";
		};
		056424DA1FB6D117008028A6 /* DataKit */ = {
			isa = PBXGroup;
			children = (
				056424DB1FB6D117008028A6 /* DataKit.h */,
				056424DC1FB6D117008028A6 /* Info.plist */,
				056424F71FB6D4A5008028A6 /* ServiceData.swift */,
			);
			path = DataKit;
			sourceTree = "<group>";
		};
		056424E71FB6D117008028A6 /* DataKitTests */ = {
			isa = PBXGroup;
			children = (
				056424E81FB6D117008028A6 /* DataKitTests.swift */,
				056424EA1FB6D117008028A6 /* Info.plist */,
			);
			path = DataKitTests;
			sourceTree = "<group>";
		};
		05BE888A1FB7916D00C3AF5D /* View */ = {
			isa = PBXGroup;
			children = (
				05BE888D1FB791B500C3AF5D /* BagTableViewCell.swift */,
			);
			path = View;
			sourceTree = "<group>";
		};
		05BE888F1FB7B3CF00C3AF5D /* Network */ = {
			isa = PBXGroup;
			children = (
				05BE88901FB7B3E900C3AF5D /* NetworkService.swift */,
			);
			path = Network;
			sourceTree = "<group>";
		};
		05BE88921FB7B6A100C3AF5D /* Model */ = {
			isa = PBXGroup;
			children = (
				05BE88931FB7B6C000C3AF5D /* Product.swift */,
			);
			path = Model;
			sourceTree = "<group>";
		};
		05BE88981FB7BE0C00C3AF5D /* controller */ = {
			isa = PBXGroup;
			children = (
				052AEE5F1FB418D800F799D0 /* MessagesViewController.swift */,
				05BE88991FB7BE2400C3AF5D /* MessageHomeViewController.swift */,
			);
			path = controller;
			sourceTree = "<group>";
		};
		05BE889B1FB7CC5400C3AF5D /* customTabs */ = {
			isa = PBXGroup;
			children = (
				05FFFC311FB6D893006AA8A7 /* Enums.swift */,
				05FFFC321FB6D893006AA8A7 /* HMScrollView.swift */,
				05FFFC331FB6D893006AA8A7 /* HMSegmentedControl.swift */,
			);
			name = customTabs;
			sourceTree = "<group>";
		};
/* End PBXGroup section */

/* Begin PBXHeadersBuildPhase section */
		056424D61FB6D117008028A6 /* Headers */ = {
			isa = PBXHeadersBuildPhase;
			buildActionMask = 2147483647;
			files = (
				056424EB1FB6D117008028A6 /* DataKit.h in Headers */,
			);
			runOnlyForDeploymentPostprocessing = 0;
		};
/* End PBXHeadersBuildPhase section */

/* Begin PBXNativeTarget section */
		052AEE211FB4188500F799D0 /* Hackathon */ = {
			isa = PBXNativeTarget;
			buildConfigurationList = 052AEE4D1FB4188700F799D0 /* Build configuration list for PBXNativeTarget "Hackathon" */;
			buildPhases = (
				2895857E732B649C18FFC4A4 /* [CP] Check Pods Manifest.lock */,
				052AEE1E1FB4188500F799D0 /* Sources */,
				052AEE1F1FB4188500F799D0 /* Frameworks */,
				052AEE201FB4188500F799D0 /* Resources */,
				052AEE6D1FB418DC00F799D0 /* Embed App Extensions */,
				FA4F0F2FC71866E6E351F8F8 /* [CP] Embed Pods Frameworks */,
				A15D1C2D6BA8B8D0FCBA975C /* [CP] Copy Pods Resources */,
				056424F51FB6D118008028A6 /* Embed Frameworks */,
			);
			buildRules = (
			);
			dependencies = (
				052AEE681FB418D800F799D0 /* PBXTargetDependency */,
				056424ED1FB6D117008028A6 /* PBXTargetDependency */,
			);
			name = Hackathon;
			productName = Hackathon;
			productReference = 052AEE221FB4188500F799D0 /* Hackathon.app */;
			productType = "com.apple.product-type.application";
		};
		052AEE381FB4188600F799D0 /* HackathonTests */ = {
			isa = PBXNativeTarget;
			buildConfigurationList = 052AEE501FB4188700F799D0 /* Build configuration list for PBXNativeTarget "HackathonTests" */;
			buildPhases = (
				E46B649CED28CB4CA9A1BEB5 /* [CP] Check Pods Manifest.lock */,
				052AEE351FB4188600F799D0 /* Sources */,
				052AEE361FB4188600F799D0 /* Frameworks */,
				052AEE371FB4188600F799D0 /* Resources */,
				CAD770FBF9B347B066CE4519 /* [CP] Embed Pods Frameworks */,
				2A2009CEA689CC191AC3601D /* [CP] Copy Pods Resources */,
			);
			buildRules = (
			);
			dependencies = (
				052AEE3B1FB4188600F799D0 /* PBXTargetDependency */,
			);
			name = HackathonTests;
			productName = HackathonTests;
			productReference = 052AEE391FB4188600F799D0 /* HackathonTests.xctest */;
			productType = "com.apple.product-type.bundle.unit-test";
		};
		052AEE431FB4188600F799D0 /* HackathonUITests */ = {
			isa = PBXNativeTarget;
			buildConfigurationList = 052AEE531FB4188700F799D0 /* Build configuration list for PBXNativeTarget "HackathonUITests" */;
			buildPhases = (
				DA7D2912DB0E846D7A5D1C79 /* [CP] Check Pods Manifest.lock */,
				052AEE401FB4188600F799D0 /* Sources */,
				052AEE411FB4188600F799D0 /* Frameworks */,
				052AEE421FB4188600F799D0 /* Resources */,
				FDF3D816656AF12C7EC03919 /* [CP] Embed Pods Frameworks */,
				04A4795E3C616D8BC1084185 /* [CP] Copy Pods Resources */,
			);
			buildRules = (
			);
			dependencies = (
				052AEE461FB4188600F799D0 /* PBXTargetDependency */,
			);
			name = HackathonUITests;
			productName = HackathonUITests;
			productReference = 052AEE441FB4188600F799D0 /* HackathonUITests.xctest */;
			productType = "com.apple.product-type.bundle.ui-testing";
		};
		052AEE591FB418D300F799D0 /* HackathonMessage */ = {
			isa = PBXNativeTarget;
			buildConfigurationList = 052AEE6A1FB418DC00F799D0 /* Build configuration list for PBXNativeTarget "HackathonMessage" */;
			buildPhases = (
				F474B3A2ECF805FBE9A891F9 /* [CP] Check Pods Manifest.lock */,
				052AEE561FB418D300F799D0 /* Sources */,
				052AEE571FB418D300F799D0 /* Frameworks */,
				052AEE581FB418D300F799D0 /* Resources */,
				68BE1D8E2640A31E483D75D6 /* [CP] Copy Pods Resources */,
			);
			buildRules = (
			);
			dependencies = (
			);
			name = HackathonMessage;
			productName = HackathonMessage;
			productReference = 052AEE5A1FB418D300F799D0 /* HackathonMessage.appex */;
			productType = "com.apple.product-type.app-extension.messages";
		};
		056424D81FB6D117008028A6 /* DataKit */ = {
			isa = PBXNativeTarget;
			buildConfigurationList = 056424F41FB6D118008028A6 /* Build configuration list for PBXNativeTarget "DataKit" */;
			buildPhases = (
				056424D41FB6D117008028A6 /* Sources */,
				056424D51FB6D117008028A6 /* Frameworks */,
				056424D61FB6D117008028A6 /* Headers */,
				056424D71FB6D117008028A6 /* Resources */,
			);
			buildRules = (
			);
			dependencies = (
			);
			name = DataKit;
			productName = DataKit;
			productReference = 056424D91FB6D117008028A6 /* DataKit.framework */;
			productType = "com.apple.product-type.framework";
		};
		056424E01FB6D117008028A6 /* DataKitTests */ = {
			isa = PBXNativeTarget;
			buildConfigurationList = 056424F61FB6D118008028A6 /* Build configuration list for PBXNativeTarget "DataKitTests" */;
			buildPhases = (
				056424DD1FB6D117008028A6 /* Sources */,
				056424DE1FB6D117008028A6 /* Frameworks */,
				056424DF1FB6D117008028A6 /* Resources */,
			);
			buildRules = (
			);
			dependencies = (
				056424E41FB6D117008028A6 /* PBXTargetDependency */,
				056424E61FB6D117008028A6 /* PBXTargetDependency */,
			);
			name = DataKitTests;
			productName = DataKitTests;
			productReference = 056424E11FB6D117008028A6 /* DataKitTests.xctest */;
			productType = "com.apple.product-type.bundle.unit-test";
		};
/* End PBXNativeTarget section */

/* Begin PBXProject section */
		052AEE1A1FB4188500F799D0 /* Project object */ = {
			isa = PBXProject;
			attributes = {
				LastSwiftUpdateCheck = 0900;
				LastUpgradeCheck = 0900;
				ORGANIZATIONNAME = Badrinath;
				TargetAttributes = {
					052AEE211FB4188500F799D0 = {
						CreatedOnToolsVersion = 9.0;
						ProvisioningStyle = Automatic;
						SystemCapabilities = {
							com.apple.ApplicationGroups.iOS = {
								enabled = 1;
							};
						};
					};
					052AEE381FB4188600F799D0 = {
						CreatedOnToolsVersion = 9.0;
						ProvisioningStyle = Automatic;
						TestTargetID = 052AEE211FB4188500F799D0;
					};
					052AEE431FB4188600F799D0 = {
						CreatedOnToolsVersion = 9.0;
						ProvisioningStyle = Automatic;
						TestTargetID = 052AEE211FB4188500F799D0;
					};
					052AEE591FB418D300F799D0 = {
						CreatedOnToolsVersion = 9.0;
						ProvisioningStyle = Automatic;
						SystemCapabilities = {
							com.apple.ApplicationGroups.iOS = {
								enabled = 1;
							};
						};
					};
					056424D81FB6D117008028A6 = {
						CreatedOnToolsVersion = 9.0;
						LastSwiftMigration = 0900;
						ProvisioningStyle = Automatic;
					};
					056424E01FB6D117008028A6 = {
						CreatedOnToolsVersion = 9.0;
						ProvisioningStyle = Automatic;
						TestTargetID = 052AEE211FB4188500F799D0;
					};
				};
			};
			buildConfigurationList = 052AEE1D1FB4188500F799D0 /* Build configuration list for PBXProject "Hackathon" */;
			compatibilityVersion = "Xcode 8.0";
			developmentRegion = en;
			hasScannedForEncodings = 0;
			knownRegions = (
				en,
				Base,
			);
			mainGroup = 052AEE191FB4188500F799D0;
			productRefGroup = 052AEE231FB4188500F799D0 /* Products */;
			projectDirPath = "";
			projectRoot = "";
			targets = (
				052AEE211FB4188500F799D0 /* Hackathon */,
				052AEE381FB4188600F799D0 /* HackathonTests */,
				052AEE431FB4188600F799D0 /* HackathonUITests */,
				052AEE591FB418D300F799D0 /* HackathonMessage */,
				056424D81FB6D117008028A6 /* DataKit */,
				056424E01FB6D117008028A6 /* DataKitTests */,
			);
		};
/* End PBXProject section */

/* Begin PBXResourcesBuildPhase section */
		052AEE201FB4188500F799D0 /* Resources */ = {
			isa = PBXResourcesBuildPhase;
			buildActionMask = 2147483647;
			files = (
				052AEE331FB4188500F799D0 /* LaunchScreen.storyboard in Resources */,
				052AEE301FB4188500F799D0 /* Assets.xcassets in Resources */,
				052AEE2B1FB4188500F799D0 /* Main.storyboard in Resources */,
			);
			runOnlyForDeploymentPostprocessing = 0;
		};
		052AEE371FB4188600F799D0 /* Resources */ = {
			isa = PBXResourcesBuildPhase;
			buildActionMask = 2147483647;
			files = (
			);
			runOnlyForDeploymentPostprocessing = 0;
		};
		052AEE421FB4188600F799D0 /* Resources */ = {
			isa = PBXResourcesBuildPhase;
			buildActionMask = 2147483647;
			files = (
			);
			runOnlyForDeploymentPostprocessing = 0;
		};
		052AEE581FB418D300F799D0 /* Resources */ = {
			isa = PBXResourcesBuildPhase;
			buildActionMask = 2147483647;
			files = (
				052AEE651FB418D800F799D0 /* Assets.xcassets in Resources */,
				052AEE631FB418D800F799D0 /* MainInterface.storyboard in Resources */,
			);
			runOnlyForDeploymentPostprocessing = 0;
		};
		056424D71FB6D117008028A6 /* Resources */ = {
			isa = PBXResourcesBuildPhase;
			buildActionMask = 2147483647;
			files = (
			);
			runOnlyForDeploymentPostprocessing = 0;
		};
		056424DF1FB6D117008028A6 /* Resources */ = {
			isa = PBXResourcesBuildPhase;
			buildActionMask = 2147483647;
			files = (
			);
			runOnlyForDeploymentPostprocessing = 0;
		};
/* End PBXResourcesBuildPhase section */

/* Begin PBXShellScriptBuildPhase section */
		04A4795E3C616D8BC1084185 /* [CP] Copy Pods Resources */ = {
			isa = PBXShellScriptBuildPhase;
			buildActionMask = 2147483647;
			files = (
			);
			inputPaths = (
			);
			name = "[CP] Copy Pods Resources";
			outputPaths = (
			);
			runOnlyForDeploymentPostprocessing = 0;
			shellPath = /bin/sh;
			shellScript = "\"${SRCROOT}/Pods/Target Support Files/Pods-HackathonUITests/Pods-HackathonUITests-resources.sh\"\n";
			showEnvVarsInLog = 0;
		};
		2895857E732B649C18FFC4A4 /* [CP] Check Pods Manifest.lock */ = {
			isa = PBXShellScriptBuildPhase;
			buildActionMask = 2147483647;
			files = (
			);
			inputPaths = (
			);
			name = "[CP] Check Pods Manifest.lock";
			outputPaths = (
			);
			runOnlyForDeploymentPostprocessing = 0;
			shellPath = /bin/sh;
			shellScript = "diff \"${PODS_ROOT}/../Podfile.lock\" \"${PODS_ROOT}/Manifest.lock\" > /dev/null\nif [ $? != 0 ] ; then\n    # print error to STDERR\n    echo \"error: The sandbox is not in sync with the Podfile.lock. Run 'pod install' or update your CocoaPods installation.\" >&2\n    exit 1\nfi\n";
			showEnvVarsInLog = 0;
		};
		2A2009CEA689CC191AC3601D /* [CP] Copy Pods Resources */ = {
			isa = PBXShellScriptBuildPhase;
			buildActionMask = 2147483647;
			files = (
			);
			inputPaths = (
			);
			name = "[CP] Copy Pods Resources";
			outputPaths = (
			);
			runOnlyForDeploymentPostprocessing = 0;
			shellPath = /bin/sh;
			shellScript = "\"${SRCROOT}/Pods/Target Support Files/Pods-HackathonTests/Pods-HackathonTests-resources.sh\"\n";
			showEnvVarsInLog = 0;
		};
		68BE1D8E2640A31E483D75D6 /* [CP] Copy Pods Resources */ = {
			isa = PBXShellScriptBuildPhase;
			buildActionMask = 2147483647;
			files = (
			);
			inputPaths = (
			);
			name = "[CP] Copy Pods Resources";
			outputPaths = (
			);
			runOnlyForDeploymentPostprocessing = 0;
			shellPath = /bin/sh;
			shellScript = "\"${SRCROOT}/Pods/Target Support Files/Pods-HackathonMessage/Pods-HackathonMessage-resources.sh\"\n";
			showEnvVarsInLog = 0;
		};
		A15D1C2D6BA8B8D0FCBA975C /* [CP] Copy Pods Resources */ = {
			isa = PBXShellScriptBuildPhase;
			buildActionMask = 2147483647;
			files = (
			);
			inputPaths = (
			);
			name = "[CP] Copy Pods Resources";
			outputPaths = (
			);
			runOnlyForDeploymentPostprocessing = 0;
			shellPath = /bin/sh;
			shellScript = "\"${SRCROOT}/Pods/Target Support Files/Pods-Hackathon/Pods-Hackathon-resources.sh\"\n";
			showEnvVarsInLog = 0;
		};
		CAD770FBF9B347B066CE4519 /* [CP] Embed Pods Frameworks */ = {
			isa = PBXShellScriptBuildPhase;
			buildActionMask = 2147483647;
			files = (
			);
			inputPaths = (
			);
			name = "[CP] Embed Pods Frameworks";
			outputPaths = (
			);
			runOnlyForDeploymentPostprocessing = 0;
			shellPath = /bin/sh;
			shellScript = "\"${SRCROOT}/Pods/Target Support Files/Pods-HackathonTests/Pods-HackathonTests-frameworks.sh\"\n";
			showEnvVarsInLog = 0;
		};
		DA7D2912DB0E846D7A5D1C79 /* [CP] Check Pods Manifest.lock */ = {
			isa = PBXShellScriptBuildPhase;
			buildActionMask = 2147483647;
			files = (
			);
			inputPaths = (
			);
			name = "[CP] Check Pods Manifest.lock";
			outputPaths = (
			);
			runOnlyForDeploymentPostprocessing = 0;
			shellPath = /bin/sh;
			shellScript = "diff \"${PODS_ROOT}/../Podfile.lock\" \"${PODS_ROOT}/Manifest.lock\" > /dev/null\nif [ $? != 0 ] ; then\n    # print error to STDERR\n    echo \"error: The sandbox is not in sync with the Podfile.lock. Run 'pod install' or update your CocoaPods installation.\" >&2\n    exit 1\nfi\n";
			showEnvVarsInLog = 0;
		};
		E46B649CED28CB4CA9A1BEB5 /* [CP] Check Pods Manifest.lock */ = {
			isa = PBXShellScriptBuildPhase;
			buildActionMask = 2147483647;
			files = (
			);
			inputPaths = (
			);
			name = "[CP] Check Pods Manifest.lock";
			outputPaths = (
			);
			runOnlyForDeploymentPostprocessing = 0;
			shellPath = /bin/sh;
			shellScript = "diff \"${PODS_ROOT}/../Podfile.lock\" \"${PODS_ROOT}/Manifest.lock\" > /dev/null\nif [ $? != 0 ] ; then\n    # print error to STDERR\n    echo \"error: The sandbox is not in sync with the Podfile.lock. Run 'pod install' or update your CocoaPods installation.\" >&2\n    exit 1\nfi\n";
			showEnvVarsInLog = 0;
		};
		F474B3A2ECF805FBE9A891F9 /* [CP] Check Pods Manifest.lock */ = {
			isa = PBXShellScriptBuildPhase;
			buildActionMask = 2147483647;
			files = (
			);
			inputPaths = (
			);
			name = "[CP] Check Pods Manifest.lock";
			outputPaths = (
			);
			runOnlyForDeploymentPostprocessing = 0;
			shellPath = /bin/sh;
			shellScript = "diff \"${PODS_ROOT}/../Podfile.lock\" \"${PODS_ROOT}/Manifest.lock\" > /dev/null\nif [ $? != 0 ] ; then\n    # print error to STDERR\n    echo \"error: The sandbox is not in sync with the Podfile.lock. Run 'pod install' or update your CocoaPods installation.\" >&2\n    exit 1\nfi\n";
			showEnvVarsInLog = 0;
		};
		FA4F0F2FC71866E6E351F8F8 /* [CP] Embed Pods Frameworks */ = {
			isa = PBXShellScriptBuildPhase;
			buildActionMask = 2147483647;
			files = (
			);
			inputPaths = (
			);
			name = "[CP] Embed Pods Frameworks";
			outputPaths = (
			);
			runOnlyForDeploymentPostprocessing = 0;
			shellPath = /bin/sh;
			shellScript = "\"${SRCROOT}/Pods/Target Support Files/Pods-Hackathon/Pods-Hackathon-frameworks.sh\"\n";
			showEnvVarsInLog = 0;
		};
		FDF3D816656AF12C7EC03919 /* [CP] Embed Pods Frameworks */ = {
			isa = PBXShellScriptBuildPhase;
			buildActionMask = 2147483647;
			files = (
			);
			inputPaths = (
			);
			name = "[CP] Embed Pods Frameworks";
			outputPaths = (
			);
			runOnlyForDeploymentPostprocessing = 0;
			shellPath = /bin/sh;
			shellScript = "\"${SRCROOT}/Pods/Target Support Files/Pods-HackathonUITests/Pods-HackathonUITests-frameworks.sh\"\n";
			showEnvVarsInLog = 0;
		};
/* End PBXShellScriptBuildPhase section */

/* Begin PBXSourcesBuildPhase section */
		052AEE1E1FB4188500F799D0 /* Sources */ = {
			isa = PBXSourcesBuildPhase;
			buildActionMask = 2147483647;
			files = (
				052AEE281FB4188500F799D0 /* GiftTableViewController.swift in Sources */,
				052AEE261FB4188500F799D0 /* AppDelegate.swift in Sources */,
				052AEE2E1FB4188500F799D0 /* Hackathon.xcdatamodeld in Sources */,
			);
			runOnlyForDeploymentPostprocessing = 0;
		};
		052AEE351FB4188600F799D0 /* Sources */ = {
			isa = PBXSourcesBuildPhase;
			buildActionMask = 2147483647;
			files = (
				052AEE3E1FB4188600F799D0 /* HackathonTests.swift in Sources */,
			);
			runOnlyForDeploymentPostprocessing = 0;
		};
		052AEE401FB4188600F799D0 /* Sources */ = {
			isa = PBXSourcesBuildPhase;
			buildActionMask = 2147483647;
			files = (
				052AEE491FB4188700F799D0 /* HackathonUITests.swift in Sources */,
			);
			runOnlyForDeploymentPostprocessing = 0;
		};
		052AEE561FB418D300F799D0 /* Sources */ = {
			isa = PBXSourcesBuildPhase;
			buildActionMask = 2147483647;
			files = (
				05BE888E1FB791B500C3AF5D /* BagTableViewCell.swift in Sources */,
				05FFFC361FB6D927006AA8A7 /* HMScrollView.swift in Sources */,
				052AEE601FB418D800F799D0 /* MessagesViewController.swift in Sources */,
				05FFFC351FB6D924006AA8A7 /* Enums.swift in Sources */,
				05BE88911FB7B3E900C3AF5D /* NetworkService.swift in Sources */,
				05FFFC341FB6D922006AA8A7 /* HMSegmentedControl.swift in Sources */,
				05BE88941FB7B6C000C3AF5D /* Product.swift in Sources */,
				05BE889A1FB7BE2400C3AF5D /* MessageHomeViewController.swift in Sources */,
			);
			runOnlyForDeploymentPostprocessing = 0;
		};
		056424D41FB6D117008028A6 /* Sources */ = {
			isa = PBXSourcesBuildPhase;
			buildActionMask = 2147483647;
			files = (
				056424F81FB6D4A5008028A6 /* ServiceData.swift in Sources */,
			);
			runOnlyForDeploymentPostprocessing = 0;
		};
		056424DD1FB6D117008028A6 /* Sources */ = {
			isa = PBXSourcesBuildPhase;
			buildActionMask = 2147483647;
			files = (
				056424E91FB6D117008028A6 /* DataKitTests.swift in Sources */,
			);
			runOnlyForDeploymentPostprocessing = 0;
		};
/* End PBXSourcesBuildPhase section */

/* Begin PBXTargetDependency section */
		052AEE3B1FB4188600F799D0 /* PBXTargetDependency */ = {
			isa = PBXTargetDependency;
			target = 052AEE211FB4188500F799D0 /* Hackathon */;
			targetProxy = 052AEE3A1FB4188600F799D0 /* PBXContainerItemProxy */;
		};
		052AEE461FB4188600F799D0 /* PBXTargetDependency */ = {
			isa = PBXTargetDependency;
			target = 052AEE211FB4188500F799D0 /* Hackathon */;
			targetProxy = 052AEE451FB4188600F799D0 /* PBXContainerItemProxy */;
		};
		052AEE681FB418D800F799D0 /* PBXTargetDependency */ = {
			isa = PBXTargetDependency;
			target = 052AEE591FB418D300F799D0 /* HackathonMessage */;
			targetProxy = 052AEE671FB418D800F799D0 /* PBXContainerItemProxy */;
		};
		056424E41FB6D117008028A6 /* PBXTargetDependency */ = {
			isa = PBXTargetDependency;
			target = 056424D81FB6D117008028A6 /* DataKit */;
			targetProxy = 056424E31FB6D117008028A6 /* PBXContainerItemProxy */;
		};
		056424E61FB6D117008028A6 /* PBXTargetDependency */ = {
			isa = PBXTargetDependency;
			target = 052AEE211FB4188500F799D0 /* Hackathon */;
			targetProxy = 056424E51FB6D117008028A6 /* PBXContainerItemProxy */;
		};
		056424ED1FB6D117008028A6 /* PBXTargetDependency */ = {
			isa = PBXTargetDependency;
			target = 056424D81FB6D117008028A6 /* DataKit */;
			targetProxy = 056424EC1FB6D117008028A6 /* PBXContainerItemProxy */;
		};
/* End PBXTargetDependency section */

/* Begin PBXVariantGroup section */
		052AEE291FB4188500F799D0 /* Main.storyboard */ = {
			isa = PBXVariantGroup;
			children = (
				052AEE2A1FB4188500F799D0 /* Base */,
			);
			name = Main.storyboard;
			sourceTree = "<group>";
		};
		052AEE311FB4188500F799D0 /* LaunchScreen.storyboard */ = {
			isa = PBXVariantGroup;
			children = (
				052AEE321FB4188500F799D0 /* Base */,
			);
			name = LaunchScreen.storyboard;
			sourceTree = "<group>";
		};
		052AEE611FB418D800F799D0 /* MainInterface.storyboard */ = {
			isa = PBXVariantGroup;
			children = (
				052AEE621FB418D800F799D0 /* Base */,
			);
			name = MainInterface.storyboard;
			sourceTree = "<group>";
		};
/* End PBXVariantGroup section */

/* Begin XCBuildConfiguration section */
		052AEE4B1FB4188700F799D0 /* Debug */ = {
			isa = XCBuildConfiguration;
			buildSettings = {
				ALWAYS_SEARCH_USER_PATHS = NO;
				CLANG_ANALYZER_NONNULL = YES;
				CLANG_ANALYZER_NUMBER_OBJECT_CONVERSION = YES_AGGRESSIVE;
				CLANG_CXX_LANGUAGE_STANDARD = "gnu++14";
				CLANG_CXX_LIBRARY = "libc++";
				CLANG_ENABLE_MODULES = YES;
				CLANG_ENABLE_OBJC_ARC = YES;
				CLANG_WARN_BLOCK_CAPTURE_AUTORELEASING = YES;
				CLANG_WARN_BOOL_CONVERSION = YES;
				CLANG_WARN_COMMA = YES;
				CLANG_WARN_CONSTANT_CONVERSION = YES;
				CLANG_WARN_DIRECT_OBJC_ISA_USAGE = YES_ERROR;
				CLANG_WARN_DOCUMENTATION_COMMENTS = YES;
				CLANG_WARN_EMPTY_BODY = YES;
				CLANG_WARN_ENUM_CONVERSION = YES;
				CLANG_WARN_INFINITE_RECURSION = YES;
				CLANG_WARN_INT_CONVERSION = YES;
				CLANG_WARN_NON_LITERAL_NULL_CONVERSION = YES;
				CLANG_WARN_OBJC_LITERAL_CONVERSION = YES;
				CLANG_WARN_OBJC_ROOT_CLASS = YES_ERROR;
				CLANG_WARN_RANGE_LOOP_ANALYSIS = YES;
				CLANG_WARN_STRICT_PROTOTYPES = YES;
				CLANG_WARN_SUSPICIOUS_MOVE = YES;
				CLANG_WARN_UNGUARDED_AVAILABILITY = YES_AGGRESSIVE;
				CLANG_WARN_UNREACHABLE_CODE = YES;
				CLANG_WARN__DUPLICATE_METHOD_MATCH = YES;
				CODE_SIGN_IDENTITY = "iPhone Developer";
				COPY_PHASE_STRIP = NO;
				DEBUG_INFORMATION_FORMAT = dwarf;
				ENABLE_BITCODE = NO;
				ENABLE_STRICT_OBJC_MSGSEND = YES;
				ENABLE_TESTABILITY = YES;
				GCC_C_LANGUAGE_STANDARD = gnu11;
				GCC_DYNAMIC_NO_PIC = NO;
				GCC_NO_COMMON_BLOCKS = YES;
				GCC_OPTIMIZATION_LEVEL = 0;
				GCC_PREPROCESSOR_DEFINITIONS = (
					"DEBUG=1",
					"$(inherited)",
				);
				GCC_WARN_64_TO_32_BIT_CONVERSION = YES;
				GCC_WARN_ABOUT_RETURN_TYPE = YES_ERROR;
				GCC_WARN_UNDECLARED_SELECTOR = YES;
				GCC_WARN_UNINITIALIZED_AUTOS = YES_AGGRESSIVE;
				GCC_WARN_UNUSED_FUNCTION = YES;
				GCC_WARN_UNUSED_VARIABLE = YES;
				IPHONEOS_DEPLOYMENT_TARGET = 11.0;
				MTL_ENABLE_DEBUG_INFO = YES;
				ONLY_ACTIVE_ARCH = YES;
				SDKROOT = iphoneos;
				SWIFT_ACTIVE_COMPILATION_CONDITIONS = DEBUG;
				SWIFT_OPTIMIZATION_LEVEL = "-Onone";
			};
			name = Debug;
		};
		052AEE4C1FB4188700F799D0 /* Release */ = {
			isa = XCBuildConfiguration;
			buildSettings = {
				ALWAYS_SEARCH_USER_PATHS = NO;
				CLANG_ANALYZER_NONNULL = YES;
				CLANG_ANALYZER_NUMBER_OBJECT_CONVERSION = YES_AGGRESSIVE;
				CLANG_CXX_LANGUAGE_STANDARD = "gnu++14";
				CLANG_CXX_LIBRARY = "libc++";
				CLANG_ENABLE_MODULES = YES;
				CLANG_ENABLE_OBJC_ARC = YES;
				CLANG_WARN_BLOCK_CAPTURE_AUTORELEASING = YES;
				CLANG_WARN_BOOL_CONVERSION = YES;
				CLANG_WARN_COMMA = YES;
				CLANG_WARN_CONSTANT_CONVERSION = YES;
				CLANG_WARN_DIRECT_OBJC_ISA_USAGE = YES_ERROR;
				CLANG_WARN_DOCUMENTATION_COMMENTS = YES;
				CLANG_WARN_EMPTY_BODY = YES;
				CLANG_WARN_ENUM_CONVERSION = YES;
				CLANG_WARN_INFINITE_RECURSION = YES;
				CLANG_WARN_INT_CONVERSION = YES;
				CLANG_WARN_NON_LITERAL_NULL_CONVERSION = YES;
				CLANG_WARN_OBJC_LITERAL_CONVERSION = YES;
				CLANG_WARN_OBJC_ROOT_CLASS = YES_ERROR;
				CLANG_WARN_RANGE_LOOP_ANALYSIS = YES;
				CLANG_WARN_STRICT_PROTOTYPES = YES;
				CLANG_WARN_SUSPICIOUS_MOVE = YES;
				CLANG_WARN_UNGUARDED_AVAILABILITY = YES_AGGRESSIVE;
				CLANG_WARN_UNREACHABLE_CODE = YES;
				CLANG_WARN__DUPLICATE_METHOD_MATCH = YES;
				CODE_SIGN_IDENTITY = "iPhone Developer";
				COPY_PHASE_STRIP = NO;
				DEBUG_INFORMATION_FORMAT = "dwarf-with-dsym";
				ENABLE_BITCODE = NO;
				ENABLE_NS_ASSERTIONS = NO;
				ENABLE_STRICT_OBJC_MSGSEND = YES;
				GCC_C_LANGUAGE_STANDARD = gnu11;
				GCC_NO_COMMON_BLOCKS = YES;
				GCC_WARN_64_TO_32_BIT_CONVERSION = YES;
				GCC_WARN_ABOUT_RETURN_TYPE = YES_ERROR;
				GCC_WARN_UNDECLARED_SELECTOR = YES;
				GCC_WARN_UNINITIALIZED_AUTOS = YES_AGGRESSIVE;
				GCC_WARN_UNUSED_FUNCTION = YES;
				GCC_WARN_UNUSED_VARIABLE = YES;
				IPHONEOS_DEPLOYMENT_TARGET = 11.0;
				MTL_ENABLE_DEBUG_INFO = NO;
				SDKROOT = iphoneos;
				SWIFT_OPTIMIZATION_LEVEL = "-Owholemodule";
				VALIDATE_PRODUCT = YES;
			};
			name = Release;
		};
		052AEE4E1FB4188700F799D0 /* Debug */ = {
			isa = XCBuildConfiguration;
			baseConfigurationReference = 1C5C2D2B7A51F9F2EF67490E /* Pods-Hackathon.debug.xcconfig */;
			buildSettings = {
				ALWAYS_EMBED_SWIFT_STANDARD_LIBRARIES = YES;
				ASSETCATALOG_COMPILER_APPICON_NAME = AppIcon;
				CODE_SIGN_ENTITLEMENTS = Hackathon/Hackathon.entitlements;
				CODE_SIGN_STYLE = Automatic;
				DEVELOPMENT_TEAM = BW3GXH3U84;
				ENABLE_BITCODE = NO;
				INFOPLIST_FILE = Hackathon/Info.plist;
				LD_RUNPATH_SEARCH_PATHS = "$(inherited) @executable_path/Frameworks";
				PRODUCT_BUNDLE_IDENTIFIER = com.badrinath.Hackathon;
				PRODUCT_NAME = "$(TARGET_NAME)";
				SWIFT_VERSION = 4.0;
				TARGETED_DEVICE_FAMILY = 1;
			};
			name = Debug;
		};
		052AEE4F1FB4188700F799D0 /* Release */ = {
			isa = XCBuildConfiguration;
			baseConfigurationReference = 16D3A14572F2778B9DAB4BA5 /* Pods-Hackathon.release.xcconfig */;
			buildSettings = {
				ALWAYS_EMBED_SWIFT_STANDARD_LIBRARIES = YES;
				ASSETCATALOG_COMPILER_APPICON_NAME = AppIcon;
				CODE_SIGN_ENTITLEMENTS = Hackathon/Hackathon.entitlements;
				CODE_SIGN_STYLE = Automatic;
				DEVELOPMENT_TEAM = BW3GXH3U84;
				ENABLE_BITCODE = NO;
				INFOPLIST_FILE = Hackathon/Info.plist;
				LD_RUNPATH_SEARCH_PATHS = "$(inherited) @executable_path/Frameworks";
				PRODUCT_BUNDLE_IDENTIFIER = com.badrinath.Hackathon;
				PRODUCT_NAME = "$(TARGET_NAME)";
				SWIFT_VERSION = 4.0;
				TARGETED_DEVICE_FAMILY = 1;
			};
			name = Release;
		};
		052AEE511FB4188700F799D0 /* Debug */ = {
			isa = XCBuildConfiguration;
			baseConfigurationReference = 8C223B74C7EFF766F7208964 /* Pods-HackathonTests.debug.xcconfig */;
			buildSettings = {
				ALWAYS_EMBED_SWIFT_STANDARD_LIBRARIES = YES;
				BUNDLE_LOADER = "$(TEST_HOST)";
				CODE_SIGN_STYLE = Automatic;
				DEVELOPMENT_TEAM = BW3GXH3U84;
				INFOPLIST_FILE = HackathonTests/Info.plist;
				LD_RUNPATH_SEARCH_PATHS = "$(inherited) @executable_path/Frameworks @loader_path/Frameworks";
				PRODUCT_BUNDLE_IDENTIFIER = com.badrinath.HackathonTests;
				PRODUCT_NAME = "$(TARGET_NAME)";
				SWIFT_VERSION = 4.0;
				TARGETED_DEVICE_FAMILY = "1,2";
				TEST_HOST = "$(BUILT_PRODUCTS_DIR)/Hackathon.app/Hackathon";
			};
			name = Debug;
		};
		052AEE521FB4188700F799D0 /* Release */ = {
			isa = XCBuildConfiguration;
			baseConfigurationReference = E5BEF93D04888F77137AA540 /* Pods-HackathonTests.release.xcconfig */;
			buildSettings = {
				ALWAYS_EMBED_SWIFT_STANDARD_LIBRARIES = YES;
				BUNDLE_LOADER = "$(TEST_HOST)";
				CODE_SIGN_STYLE = Automatic;
				DEVELOPMENT_TEAM = BW3GXH3U84;
				INFOPLIST_FILE = HackathonTests/Info.plist;
				LD_RUNPATH_SEARCH_PATHS = "$(inherited) @executable_path/Frameworks @loader_path/Frameworks";
				PRODUCT_BUNDLE_IDENTIFIER = com.badrinath.HackathonTests;
				PRODUCT_NAME = "$(TARGET_NAME)";
				SWIFT_VERSION = 4.0;
				TARGETED_DEVICE_FAMILY = "1,2";
				TEST_HOST = "$(BUILT_PRODUCTS_DIR)/Hackathon.app/Hackathon";
			};
			name = Release;
		};
		052AEE541FB4188700F799D0 /* Debug */ = {
			isa = XCBuildConfiguration;
			baseConfigurationReference = A603B2556C74E5BF5DEEE9FB /* Pods-HackathonUITests.debug.xcconfig */;
			buildSettings = {
				ALWAYS_EMBED_SWIFT_STANDARD_LIBRARIES = YES;
				CODE_SIGN_STYLE = Automatic;
				DEVELOPMENT_TEAM = BW3GXH3U84;
				INFOPLIST_FILE = HackathonUITests/Info.plist;
				LD_RUNPATH_SEARCH_PATHS = "$(inherited) @executable_path/Frameworks @loader_path/Frameworks";
				PRODUCT_BUNDLE_IDENTIFIER = com.badrinath.HackathonUITests;
				PRODUCT_NAME = "$(TARGET_NAME)";
				SWIFT_VERSION = 4.0;
				TARGETED_DEVICE_FAMILY = "1,2";
				TEST_TARGET_NAME = Hackathon;
			};
			name = Debug;
		};
		052AEE551FB4188700F799D0 /* Release */ = {
			isa = XCBuildConfiguration;
			baseConfigurationReference = C5BDB06F8CD7ED6BD4C2DBF6 /* Pods-HackathonUITests.release.xcconfig */;
			buildSettings = {
				ALWAYS_EMBED_SWIFT_STANDARD_LIBRARIES = YES;
				CODE_SIGN_STYLE = Automatic;
				DEVELOPMENT_TEAM = BW3GXH3U84;
				INFOPLIST_FILE = HackathonUITests/Info.plist;
				LD_RUNPATH_SEARCH_PATHS = "$(inherited) @executable_path/Frameworks @loader_path/Frameworks";
				PRODUCT_BUNDLE_IDENTIFIER = com.badrinath.HackathonUITests;
				PRODUCT_NAME = "$(TARGET_NAME)";
				SWIFT_VERSION = 4.0;
				TARGETED_DEVICE_FAMILY = "1,2";
				TEST_TARGET_NAME = Hackathon;
			};
			name = Release;
		};
		052AEE6B1FB418DC00F799D0 /* Debug */ = {
			isa = XCBuildConfiguration;
			baseConfigurationReference = 2FD21AE1490A569CF17E2CC2 /* Pods-HackathonMessage.debug.xcconfig */;
			buildSettings = {
				ASSETCATALOG_COMPILER_APPICON_NAME = "iMessage App Icon";
				CODE_SIGN_ENTITLEMENTS = HackathonMessage/HackathonMessage.entitlements;
				CODE_SIGN_STYLE = Automatic;
				DEVELOPMENT_TEAM = BW3GXH3U84;
				INFOPLIST_FILE = HackathonMessage/Info.plist;
				LD_RUNPATH_SEARCH_PATHS = "$(inherited) @executable_path/Frameworks @executable_path/../../Frameworks";
				PRODUCT_BUNDLE_IDENTIFIER = com.badrinath.Hackathon.HackathonMessage;
				PRODUCT_NAME = "$(TARGET_NAME)";
				SKIP_INSTALL = YES;
				SWIFT_VERSION = 4.0;
				TARGETED_DEVICE_FAMILY = "1,2";
			};
			name = Debug;
		};
		052AEE6C1FB418DC00F799D0 /* Release */ = {
			isa = XCBuildConfiguration;
			baseConfigurationReference = 6D1C5A07EC3E1E867C1F9E1B /* Pods-HackathonMessage.release.xcconfig */;
			buildSettings = {
				ASSETCATALOG_COMPILER_APPICON_NAME = "iMessage App Icon";
				CODE_SIGN_ENTITLEMENTS = HackathonMessage/HackathonMessage.entitlements;
				CODE_SIGN_STYLE = Automatic;
				DEVELOPMENT_TEAM = BW3GXH3U84;
				INFOPLIST_FILE = HackathonMessage/Info.plist;
				LD_RUNPATH_SEARCH_PATHS = "$(inherited) @executable_path/Frameworks @executable_path/../../Frameworks";
				PRODUCT_BUNDLE_IDENTIFIER = com.badrinath.Hackathon.HackathonMessage;
				PRODUCT_NAME = "$(TARGET_NAME)";
				SKIP_INSTALL = YES;
				SWIFT_VERSION = 4.0;
				TARGETED_DEVICE_FAMILY = "1,2";
			};
			name = Release;
		};
		056424F01FB6D118008028A6 /* Debug */ = {
			isa = XCBuildConfiguration;
			buildSettings = {
				CLANG_ENABLE_MODULES = YES;
				CODE_SIGN_IDENTITY = "";
				CODE_SIGN_STYLE = Automatic;
				CURRENT_PROJECT_VERSION = 1;
				DEFINES_MODULE = YES;
				DEVELOPMENT_TEAM = BW3GXH3U84;
				DYLIB_COMPATIBILITY_VERSION = 1;
				DYLIB_CURRENT_VERSION = 1;
				DYLIB_INSTALL_NAME_BASE = "@rpath";
				INFOPLIST_FILE = DataKit/Info.plist;
				INSTALL_PATH = "$(LOCAL_LIBRARY_DIR)/Frameworks";
				LD_RUNPATH_SEARCH_PATHS = "$(inherited) @executable_path/Frameworks @loader_path/Frameworks";
				PRODUCT_BUNDLE_IDENTIFIER = com.badrinath.DataKit;
				PRODUCT_NAME = "$(TARGET_NAME:c99extidentifier)";
				SKIP_INSTALL = YES;
				SWIFT_OPTIMIZATION_LEVEL = "-Onone";
				SWIFT_VERSION = 4.0;
				TARGETED_DEVICE_FAMILY = "1,2";
				VERSIONING_SYSTEM = "apple-generic";
				VERSION_INFO_PREFIX = "";
			};
			name = Debug;
		};
		056424F11FB6D118008028A6 /* Release */ = {
			isa = XCBuildConfiguration;
			buildSettings = {
				CLANG_ENABLE_MODULES = YES;
				CODE_SIGN_IDENTITY = "";
				CODE_SIGN_STYLE = Automatic;
				CURRENT_PROJECT_VERSION = 1;
				DEFINES_MODULE = YES;
				DEVELOPMENT_TEAM = BW3GXH3U84;
				DYLIB_COMPATIBILITY_VERSION = 1;
				DYLIB_CURRENT_VERSION = 1;
				DYLIB_INSTALL_NAME_BASE = "@rpath";
				INFOPLIST_FILE = DataKit/Info.plist;
				INSTALL_PATH = "$(LOCAL_LIBRARY_DIR)/Frameworks";
				LD_RUNPATH_SEARCH_PATHS = "$(inherited) @executable_path/Frameworks @loader_path/Frameworks";
				PRODUCT_BUNDLE_IDENTIFIER = com.badrinath.DataKit;
				PRODUCT_NAME = "$(TARGET_NAME:c99extidentifier)";
				SKIP_INSTALL = YES;
				SWIFT_VERSION = 4.0;
				TARGETED_DEVICE_FAMILY = "1,2";
				VERSIONING_SYSTEM = "apple-generic";
				VERSION_INFO_PREFIX = "";
			};
			name = Release;
		};
		056424F21FB6D118008028A6 /* Debug */ = {
			isa = XCBuildConfiguration;
			buildSettings = {
				ALWAYS_EMBED_SWIFT_STANDARD_LIBRARIES = YES;
				CODE_SIGN_STYLE = Automatic;
				DEVELOPMENT_TEAM = BW3GXH3U84;
				INFOPLIST_FILE = DataKitTests/Info.plist;
				LD_RUNPATH_SEARCH_PATHS = "$(inherited) @executable_path/Frameworks @loader_path/Frameworks";
				PRODUCT_BUNDLE_IDENTIFIER = com.badrinath.DataKitTests;
				PRODUCT_NAME = "$(TARGET_NAME)";
				SWIFT_VERSION = 4.0;
				TARGETED_DEVICE_FAMILY = "1,2";
				TEST_HOST = "$(BUILT_PRODUCTS_DIR)/Hackathon.app/Hackathon";
			};
			name = Debug;
		};
		056424F31FB6D118008028A6 /* Release */ = {
			isa = XCBuildConfiguration;
			buildSettings = {
				ALWAYS_EMBED_SWIFT_STANDARD_LIBRARIES = YES;
				CODE_SIGN_STYLE = Automatic;
				DEVELOPMENT_TEAM = BW3GXH3U84;
				INFOPLIST_FILE = DataKitTests/Info.plist;
				LD_RUNPATH_SEARCH_PATHS = "$(inherited) @executable_path/Frameworks @loader_path/Frameworks";
				PRODUCT_BUNDLE_IDENTIFIER = com.badrinath.DataKitTests;
				PRODUCT_NAME = "$(TARGET_NAME)";
				SWIFT_VERSION = 4.0;
				TARGETED_DEVICE_FAMILY = "1,2";
				TEST_HOST = "$(BUILT_PRODUCTS_DIR)/Hackathon.app/Hackathon";
			};
			name = Release;
		};
/* End XCBuildConfiguration section */

/* Begin XCConfigurationList section */
		052AEE1D1FB4188500F799D0 /* Build configuration list for PBXProject "Hackathon" */ = {
			isa = XCConfigurationList;
			buildConfigurations = (
				052AEE4B1FB4188700F799D0 /* Debug */,
				052AEE4C1FB4188700F799D0 /* Release */,
			);
			defaultConfigurationIsVisible = 0;
			defaultConfigurationName = Release;
		};
		052AEE4D1FB4188700F799D0 /* Build configuration list for PBXNativeTarget "Hackathon" */ = {
			isa = XCConfigurationList;
			buildConfigurations = (
				052AEE4E1FB4188700F799D0 /* Debug */,
				052AEE4F1FB4188700F799D0 /* Release */,
			);
			defaultConfigurationIsVisible = 0;
			defaultConfigurationName = Release;
		};
		052AEE501FB4188700F799D0 /* Build configuration list for PBXNativeTarget "HackathonTests" */ = {
			isa = XCConfigurationList;
			buildConfigurations = (
				052AEE511FB4188700F799D0 /* Debug */,
				052AEE521FB4188700F799D0 /* Release */,
			);
			defaultConfigurationIsVisible = 0;
			defaultConfigurationName = Release;
		};
		052AEE531FB4188700F799D0 /* Build configuration list for PBXNativeTarget "HackathonUITests" */ = {
			isa = XCConfigurationList;
			buildConfigurations = (
				052AEE541FB4188700F799D0 /* Debug */,
				052AEE551FB4188700F799D0 /* Release */,
			);
			defaultConfigurationIsVisible = 0;
			defaultConfigurationName = Release;
		};
		052AEE6A1FB418DC00F799D0 /* Build configuration list for PBXNativeTarget "HackathonMessage" */ = {
			isa = XCConfigurationList;
			buildConfigurations = (
				052AEE6B1FB418DC00F799D0 /* Debug */,
				052AEE6C1FB418DC00F799D0 /* Release */,
			);
			defaultConfigurationIsVisible = 0;
			defaultConfigurationName = Release;
		};
		056424F41FB6D118008028A6 /* Build configuration list for PBXNativeTarget "DataKit" */ = {
			isa = XCConfigurationList;
			buildConfigurations = (
				056424F01FB6D118008028A6 /* Debug */,
				056424F11FB6D118008028A6 /* Release */,
			);
			defaultConfigurationIsVisible = 0;
			defaultConfigurationName = Release;
		};
		056424F61FB6D118008028A6 /* Build configuration list for PBXNativeTarget "DataKitTests" */ = {
			isa = XCConfigurationList;
			buildConfigurations = (
				056424F21FB6D118008028A6 /* Debug */,
				056424F31FB6D118008028A6 /* Release */,
			);
			defaultConfigurationIsVisible = 0;
			defaultConfigurationName = Release;
		};
/* End XCConfigurationList section */

/* Begin XCVersionGroup section */
		052AEE2C1FB4188500F799D0 /* Hackathon.xcdatamodeld */ = {
			isa = XCVersionGroup;
			children = (
				052AEE2D1FB4188500F799D0 /* Hackathon.xcdatamodel */,
			);
			currentVersion = 052AEE2D1FB4188500F799D0 /* Hackathon.xcdatamodel */;
			path = Hackathon.xcdatamodeld;
			sourceTree = "<group>";
			versionGroupType = wrapper.xcdatamodel;
		};
/* End XCVersionGroup section */
	};
	rootObject = 052AEE1A1FB4188500F799D0 /* Project object */;
}
